// !$*UTF8*$!
{
	archiveVersion = 1;
	classes = {
	};
	objectVersion = 50;
	objects = {

/* Begin PBXBuildFile section */
		FBC33FBE240F9E1400BBEAF6 /* AppDelegate.swift in Sources */ = {isa = PBXBuildFile; fileRef = FBC33FBD240F9E1400BBEAF6 /* AppDelegate.swift */; };
		FBC33FC0240F9E1400BBEAF6 /* ViewController.swift in Sources */ = {isa = PBXBuildFile; fileRef = FBC33FBF240F9E1400BBEAF6 /* ViewController.swift */; };
		FBC33FC3240F9E1400BBEAF6 /* Main.storyboard in Resources */ = {isa = PBXBuildFile; fileRef = FBC33FC1240F9E1400BBEAF6 /* Main.storyboard */; };
		FBC33FC6240F9E1400BBEAF6 /* demoKBZ.xcdatamodeld in Sources */ = {isa = PBXBuildFile; fileRef = FBC33FC4240F9E1400BBEAF6 /* demoKBZ.xcdatamodeld */; };
		FBC33FC8240F9E1600BBEAF6 /* Assets.xcassets in Resources */ = {isa = PBXBuildFile; fileRef = FBC33FC7240F9E1600BBEAF6 /* Assets.xcassets */; };
		FBC33FCB240F9E1600BBEAF6 /* LaunchScreen.storyboard in Resources */ = {isa = PBXBuildFile; fileRef = FBC33FC9240F9E1600BBEAF6 /* LaunchScreen.storyboard */; };
/* End PBXBuildFile section */

/* Begin PBXFileReference section */
		FBC33FBA240F9E1400BBEAF6 /* demoKBZ.app */ = {isa = PBXFileReference; explicitFileType = wrapper.application; includeInIndex = 0; path = demoKBZ.app; sourceTree = BUILT_PRODUCTS_DIR; };
		FBC33FBD240F9E1400BBEAF6 /* AppDelegate.swift */ = {isa = PBXFileReference; lastKnownFileType = sourcecode.swift; path = AppDelegate.swift; sourceTree = "<group>"; };
		FBC33FBF240F9E1400BBEAF6 /* ViewController.swift */ = {isa = PBXFileReference; lastKnownFileType = sourcecode.swift; path = ViewController.swift; sourceTree = "<group>"; };
		FBC33FC2240F9E1400BBEAF6 /* Base */ = {isa = PBXFileReference; lastKnownFileType = file.storyboard; name = Base; path = Base.lproj/Main.storyboard; sourceTree = "<group>"; };
		FBC33FC5240F9E1400BBEAF6 /* demoKBZ.xcdatamodel */ = {isa = PBXFileReference; lastKnownFileType = wrapper.xcdatamodel; path = demoKBZ.xcdatamodel; sourceTree = "<group>"; };
		FBC33FC7240F9E1600BBEAF6 /* Assets.xcassets */ = {isa = PBXFileReference; lastKnownFileType = folder.assetcatalog; path = Assets.xcassets; sourceTree = "<group>"; };
		FBC33FCA240F9E1600BBEAF6 /* Base */ = {isa = PBXFileReference; lastKnownFileType = file.storyboard; name = Base; path = Base.lproj/LaunchScreen.storyboard; sourceTree = "<group>"; };
		FBC33FCC240F9E1600BBEAF6 /* Info.plist */ = {isa = PBXFileReference; lastKnownFileType = text.plist.xml; path = Info.plist; sourceTree = "<group>"; };
/* End PBXFileReference section */

/* Begin PBXFrameworksBuildPhase section */
		FBC33FB7240F9E1400BBEAF6 /* Frameworks */ = {
			isa = PBXFrameworksBuildPhase;
			buildActionMask = 2147483647;
			files = (
			);
			runOnlyForDeploymentPostprocessing = 0;
		};
/* End PBXFrameworksBuildPhase section */

/* Begin PBXGroup section */
		FBC33FB1240F9E1400BBEAF6 = {
			isa = PBXGroup;
			children = (
				FBC33FBC240F9E1400BBEAF6 /* demoKBZ */,
				FBC33FBB240F9E1400BBEAF6 /* Products */,
			);
			sourceTree = "<group>";
		};
		FBC33FBB240F9E1400BBEAF6 /* Products */ = {
			isa = PBXGroup;
			children = (
				FBC33FBA240F9E1400BBEAF6 /* demoKBZ.app */,
			);
			name = Products;
			sourceTree = "<group>";
		};
		FBC33FBC240F9E1400BBEAF6 /* demoKBZ */ = {
			isa = PBXGroup;
			children = (
				FBC33FBD240F9E1400BBEAF6 /* AppDelegate.swift */,
				FBC33FBF240F9E1400BBEAF6 /* ViewController.swift */,
				FBC33FC1240F9E1400BBEAF6 /* Main.storyboard */,
				FBC33FC7240F9E1600BBEAF6 /* Assets.xcassets */,
				FBC33FC9240F9E1600BBEAF6 /* LaunchScreen.storyboard */,
				FBC33FCC240F9E1600BBEAF6 /* Info.plist */,
				FBC33FC4240F9E1400BBEAF6 /* demoKBZ.xcdatamodeld */,
			);
			path = demoKBZ;
			sourceTree = "<group>";
		};
/* End PBXGroup section */

/* Begin PBXNativeTarget section */
		FBC33FB9240F9E1400BBEAF6 /* demoKBZ */ = {
			isa = PBXNativeTarget;
			buildConfigurationList = FBC33FCF240F9E1600BBEAF6 /* Build configuration list for PBXNativeTarget "demoKBZ" */;
			buildPhases = (
				FBC33FB6240F9E1400BBEAF6 /* Sources */,
				FBC33FB7240F9E1400BBEAF6 /* Frameworks */,
				FBC33FB8240F9E1400BBEAF6 /* Resources */,
			);
			buildRules = (
			);
			dependencies = (
			);
			name = demoKBZ;
			productName = demoKBZ;
			productReference = FBC33FBA240F9E1400BBEAF6 /* demoKBZ.app */;
			productType = "com.apple.product-type.application";
		};
/* End PBXNativeTarget section */

/* Begin PBXProject section */
		FBC33FB2240F9E1400BBEAF6 /* Project object */ = {
			isa = PBXProject;
			attributes = {
				LastSwiftUpdateCheck = 1020;
				LastUpgradeCheck = 1020;
				ORGANIZATIONNAME = Devloper;
				TargetAttributes = {
					FBC33FB9240F9E1400BBEAF6 = {
						CreatedOnToolsVersion = 10.2;
					};
				};
			};
			buildConfigurationList = FBC33FB5240F9E1400BBEAF6 /* Build configuration list for PBXProject "demoKBZ" */;
			compatibilityVersion = "Xcode 9.3";
			developmentRegion = en;
			hasScannedForEncodings = 0;
			knownRegions = (
				en,
				Base,
			);
			mainGroup = FBC33FB1240F9E1400BBEAF6;
			productRefGroup = FBC33FBB240F9E1400BBEAF6 /* Products */;
			projectDirPath = "";
			projectRoot = "";
			targets = (
				FBC33FB9240F9E1400BBEAF6 /* demoKBZ */,
			);
		};
/* End PBXProject section */

/* Begin PBXResourcesBuildPhase section */
		FBC33FB8240F9E1400BBEAF6 /* Resources */ = {
			isa = PBXResourcesBuildPhase;
			buildActionMask = 2147483647;
			files = (
				FBC33FCB240F9E1600BBEAF6 /* LaunchScreen.storyboard in Resources */,
				FBC33FC8240F9E1600BBEAF6 /* Assets.xcassets in Resources */,
				FBC33FC3240F9E1400BBEAF6 /* Main.storyboard in Resources */,
			);
			runOnlyForDeploymentPostprocessing = 0;
		};
/* End PBXResourcesBuildPhase section */

/* Begin PBXSourcesBuildPhase section */
		FBC33FB6240F9E1400BBEAF6 /* Sources */ = {
			isa = PBXSourcesBuildPhase;
			buildActionMask = 2147483647;
			files = (
				FBC33FC0240F9E1400BBEAF6 /* ViewController.swift in Sources */,
				FBC33FC6240F9E1400BBEAF6 /* demoKBZ.xcdatamodeld in Sources */,
				FBC33FBE240F9E1400BBEAF6 /* AppDelegate.swift in Sources */,
			);
			runOnlyForDeploymentPostprocessing = 0;
		};
/* End PBXSourcesBuildPhase section */

/* Begin PBXVariantGroup section */
		FBC33FC1240F9E1400BBEAF6 /* Main.storyboard */ = {
			isa = PBXVariantGroup;
			children = (
				FBC33FC2240F9E1400BBEAF6 /* Base */,
			);
			name = Main.storyboard;
			sourceTree = "<group>";
		};
		FBC33FC9240F9E1600BBEAF6 /* LaunchScreen.storyboard */ = {
			isa = PBXVariantGroup;
			children = (
				FBC33FCA240F9E1600BBEAF6 /* Base */,
			);
			name = LaunchScreen.storyboard;
			sourceTree = "<group>";
		};
/* End PBXVariantGroup section */

/* Begin XCBuildConfiguration section */
		FBC33FCD240F9E1600BBEAF6 /* Debug */ = {
			isa = XCBuildConfiguration;
			buildSettings = {
				ALWAYS_SEARCH_USER_PATHS = NO;
				CLANG_ANALYZER_NONNULL = YES;
				CLANG_ANALYZER_NUMBER_OBJECT_CONVERSION = YES_AGGRESSIVE;
				CLANG_CXX_LANGUAGE_STANDARD = "gnu++14";
				CLANG_CXX_LIBRARY = "libc++";
				CLANG_ENABLE_MODULES = YES;
				CLANG_ENABLE_OBJC_ARC = YES;
				CLANG_ENABLE_OBJC_WEAK = YES;
				CLANG_WARN_BLOCK_CAPTURE_AUTORELEASING = YES;
				CLANG_WARN_BOOL_CONVERSION = YES;
				CLANG_WARN_COMMA = YES;
				CLANG_WARN_CONSTANT_CONVERSION = YES;
				CLANG_WARN_DEPRECATED_OBJC_IMPLEMENTATIONS = YES;
				CLANG_WARN_DIRECT_OBJC_ISA_USAGE = YES_ERROR;
				CLANG_WARN_DOCUMENTATION_COMMENTS = YES;
				CLANG_WARN_EMPTY_BODY = YES;
				CLANG_WARN_ENUM_CONVERSION = YES;
				CLANG_WARN_INFINITE_RECURSION = YES;
				CLANG_WARN_INT_CONVERSION = YES;
				CLANG_WARN_NON_LITERAL_NULL_CONVERSION = YES;
				CLANG_WARN_OBJC_IMPLICIT_RETAIN_SELF = YES;
				CLANG_WARN_OBJC_LITERAL_CONVERSION = YES;
				CLANG_WARN_OBJC_ROOT_CLASS = YES_ERROR;
				CLANG_WARN_RANGE_LOOP_ANALYSIS = YES;
				CLANG_WARN_STRICT_PROTOTYPES = YES;
				CLANG_WARN_SUSPICIOUS_MOVE = YES;
				CLANG_WARN_UNGUARDED_AVAILABILITY = YES_AGGRESSIVE;
				CLANG_WARN_UNREACHABLE_CODE = YES;
				CLANG_WARN__DUPLICATE_METHOD_MATCH = YES;
				CODE_SIGN_IDENTITY = "iPhone Developer";
				COPY_PHASE_STRIP = NO;
				DEBUG_INFORMATION_FORMAT = dwarf;
				ENABLE_STRICT_OBJC_MSGSEND = YES;
				ENABLE_TESTABILITY = YES;
				GCC_C_LANGUAGE_STANDARD = gnu11;
				GCC_DYNAMIC_NO_PIC = NO;
				GCC_NO_COMMON_BLOCKS = YES;
				GCC_OPTIMIZATION_LEVEL = 0;
				GCC_PREPROCESSOR_DEFINITIONS = (
					"DEBUG=1",
					"$(inherited)",
				);
				GCC_WARN_64_TO_32_BIT_CONVERSION = YES;
				GCC_WARN_ABOUT_RETURN_TYPE = YES_ERROR;
				GCC_WARN_UNDECLARED_SELECTOR = YES;
				GCC_WARN_UNINITIALIZED_AUTOS = YES_AGGRESSIVE;
				GCC_WARN_UNUSED_FUNCTION = YES;
				GCC_WARN_UNUSED_VARIABLE = YES;
				IPHONEOS_DEPLOYMENT_TARGET = 12.2;
				MTL_ENABLE_DEBUG_INFO = INCLUDE_SOURCE;
				MTL_FAST_MATH = YES;
				ONLY_ACTIVE_ARCH = YES;
				SDKROOT = iphoneos;
				SWIFT_ACTIVE_COMPILATION_CONDITIONS = DEBUG;
				SWIFT_OPTIMIZATION_LEVEL = "-Onone";
			};
			name = Debug;
		};
		FBC33FCE240F9E1600BBEAF6 /* Release */ = {
			isa = XCBuildConfiguration;
			buildSettings = {
				ALWAYS_SEARCH_USER_PATHS = NO;
				CLANG_ANALYZER_NONNULL = YES;
				CLANG_ANALYZER_NUMBER_OBJECT_CONVERSION = YES_AGGRESSIVE;
				CLANG_CXX_LANGUAGE_STANDARD = "gnu++14";
				CLANG_CXX_LIBRARY = "libc++";
				CLANG_ENABLE_MODULES = YES;
				CLANG_ENABLE_OBJC_ARC = YES;
				CLANG_ENABLE_OBJC_WEAK = YES;
				CLANG_WARN_BLOCK_CAPTURE_AUTORELEASING = YES;
				CLANG_WARN_BOOL_CONVERSION = YES;
				CLANG_WARN_COMMA = YES;
				CLANG_WARN_CONSTANT_CONVERSION = YES;
				CLANG_WARN_DEPRECATED_OBJC_IMPLEMENTATIONS = YES;
				CLANG_WARN_DIRECT_OBJC_ISA_USAGE = YES_ERROR;
				CLANG_WARN_DOCUMENTATION_COMMENTS = YES;
				CLANG_WARN_EMPTY_BODY = YES;
				CLANG_WARN_ENUM_CONVERSION = YES;
				CLANG_WARN_INFINITE_RECURSION = YES;
				CLANG_WARN_INT_CONVERSION = YES;
				CLANG_WARN_NON_LITERAL_NULL_CONVERSION = YES;
				CLANG_WARN_OBJC_IMPLICIT_RETAIN_SELF = YES;
				CLANG_WARN_OBJC_LITERAL_CONVERSION = YES;
				CLANG_WARN_OBJC_ROOT_CLASS = YES_ERROR;
				CLANG_WARN_RANGE_LOOP_ANALYSIS = YES;
				CLANG_WARN_STRICT_PROTOTYPES = YES;
				CLANG_WARN_SUSPICIOUS_MOVE = YES;
				CLANG_WARN_UNGUARDED_AVAILABILITY = YES_AGGRESSIVE;
				CLANG_WARN_UNREACHABLE_CODE = YES;
				CLANG_WARN__DUPLICATE_METHOD_MATCH = YES;
				CODE_SIGN_IDENTITY = "iPhone Developer";
				COPY_PHASE_STRIP = NO;
				DEBUG_INFORMATION_FORMAT = "dwarf-with-dsym";
				ENABLE_NS_ASSERTIONS = NO;
				ENABLE_STRICT_OBJC_MSGSEND = YES;
				GCC_C_LANGUAGE_STANDARD = gnu11;
				GCC_NO_COMMON_BLOCKS = YES;
				GCC_WARN_64_TO_32_BIT_CONVERSION = YES;
				GCC_WARN_ABOUT_RETURN_TYPE = YES_ERROR;
				GCC_WARN_UNDECLARED_SELECTOR = YES;
				GCC_WARN_UNINITIALIZED_AUTOS = YES_AGGRESSIVE;
				GCC_WARN_UNUSED_FUNCTION = YES;
				GCC_WARN_UNUSED_VARIABLE = YES;
				IPHONEOS_DEPLOYMENT_TARGET = 12.2;
				MTL_ENABLE_DEBUG_INFO = NO;
				MTL_FAST_MATH = YES;
				SDKROOT = iphoneos;
				SWIFT_COMPILATION_MODE = wholemodule;
				SWIFT_OPTIMIZATION_LEVEL = "-O";
				VALIDATE_PRODUCT = YES;
			};
			name = Release;
		};
		FBC33FD0240F9E1600BBEAF6 /* Debug */ = {
			isa = XCBuildConfiguration;
			buildSettings = {
				ASSETCATALOG_COMPILER_APPICON_NAME = AppIcon;
				CODE_SIGN_STYLE = Automatic;
				INFOPLIST_FILE = demoKBZ/Info.plist;
				LD_RUNPATH_SEARCH_PATHS = (
					"$(inherited)",
					"@executable_path/Frameworks",
				);
				PRODUCT_BUNDLE_IDENTIFIER = com.sharma.demoKBZ;
				PRODUCT_NAME = "$(TARGET_NAME)";
				SWIFT_VERSION = 5.0;
				TARGETED_DEVICE_FAMILY = "1,2";
			};
			name = Debug;
		};
		FBC33FD1240F9E1600BBEAF6 /* Release */ = {
			isa = XCBuildConfiguration;
			buildSettings = {
				ASSETCATALOG_COMPILER_APPICON_NAME = AppIcon;
				CODE_SIGN_STYLE = Automatic;
				INFOPLIST_FILE = demoKBZ/Info.plist;
				LD_RUNPATH_SEARCH_PATHS = (
					"$(inherited)",
					"@executable_path/Frameworks",
				);
				PRODUCT_BUNDLE_IDENTIFIER = com.sharma.demoKBZ;
				PRODUCT_NAME = "$(TARGET_NAME)";
				SWIFT_VERSION = 5.0;
				TARGETED_DEVICE_FAMILY = "1,2";
			};
			name = Release;
		};
/* End XCBuildConfiguration section */

/* Begin XCConfigurationList section */
		FBC33FB5240F9E1400BBEAF6 /* Build configuration list for PBXProject "demoKBZ" */ = {
			isa = XCConfigurationList;
			buildConfigurations = (
				FBC33FCD240F9E1600BBEAF6 /* Debug */,
				FBC33FCE240F9E1600BBEAF6 /* Release */,
			);
			defaultConfigurationIsVisible = 0;
			defaultConfigurationName = Release;
		};
		FBC33FCF240F9E1600BBEAF6 /* Build configuration list for PBXNativeTarget "demoKBZ" */ = {
			isa = XCConfigurationList;
			buildConfigurations = (
				FBC33FD0240F9E1600BBEAF6 /* Debug */,
				FBC33FD1240F9E1600BBEAF6 /* Release */,
			);
			defaultConfigurationIsVisible = 0;
			defaultConfigurationName = Release;
		};
/* End XCConfigurationList section */

/* Begin XCVersionGroup section */
		FBC33FC4240F9E1400BBEAF6 /* demoKBZ.xcdatamodeld */ = {
			isa = XCVersionGroup;
			children = (
				FBC33FC5240F9E1400BBEAF6 /* demoKBZ.xcdatamodel */,
			);
			currentVersion = FBC33FC5240F9E1400BBEAF6 /* demoKBZ.xcdatamodel */;
			path = demoKBZ.xcdatamodeld;
			sourceTree = "<group>";
			versionGroupType = wrapper.xcdatamodel;
		};
/* End XCVersionGroup section */
	};
	rootObject = FBC33FB2240F9E1400BBEAF6 /* Project object */;
}
